PackratFormat: 1.4
PackratVersion: 0.4.7.1
RVersion: 3.3.1
Repos: CRAN=https://cran.rstudio.com/

Package: MASS
Source: CRAN
Version: 7.3-45
Hash: 0650d5701aa7e369e77c9e2c8e1dc913

Package: Matrix
Source: CRAN
Version: 1.2-7.1
Hash: 44c7e8fe4ce50a044ec2e5196f6694cc
Requires: lattice

Package: R6
Source: CRAN
Version: 2.1.3
Hash: 1a8313c9df76d2a06aa27c13a4a71c73

Package: RColorBrewer
Source: CRAN
Version: 1.1-2
Hash: c0d56cd15034f395874c870141870c25

Package: Rcpp
Source: CRAN
Version: 0.12.7
Hash: f0ba7322cfb66f1b563462faa9c2b2ab

Package: colorspace
Source: CRAN
Version: 1.2-6
Hash: 00bb12245cd975c450cc4a960884fa15

Package: dichromat
Source: CRAN
Version: 2.0-0
Hash: 08eed0c80510af29bb15f840ccfe37ce

Package: digest
Source: CRAN
Version: 0.6.10
Hash: 87165608ca8aeb0958835c3c5b52b6b7

Package: ggplot2
Source: CRAN
Version: 2.1.0
Hash: 50e297b0191179c39c7dcae0eff72b51
Requires: MASS, digest, gtable, plyr, reshape2, scales

Package: gtable
Source: CRAN
Version: 0.2.0
Hash: cd78381a9d3fea966ac39bd0daaf5554

Package: htmltools
Source: CRAN
Version: 0.3.5
Hash: a96dc1cfe628e66337c86be732567df2
Requires: Rcpp, digest

Package: httpuv
Source: CRAN
Version: 1.3.3
Hash: 12c4ec43e5609293576e368c740c1f84
Requires: Rcpp

Package: jsonlite
Source: CRAN
Version: 1.0
Hash: f32817e181c39ede83fdd3e699348b69

Package: labeling
Source: CRAN
Version: 0.3
Hash: ecf589b42cd284b03a4beb9665482d3e

Package: lattice
Source: CRAN
Version: 0.20-33
Hash: d7158cf4e63e8c12cb227738076b37d8

Package: magrittr
Source: CRAN
Version: 1.5
Hash: bdc4d48c3135e8f3b399536ddf160df4

Package: mice
Source: CRAN
Version: 2.25
Hash: 295940cde8c29751d407d2f11df60dc7
Requires: MASS, Rcpp, lattice, nnet, rpart, survival

Package: mime
Source: CRAN
Version: 0.5
Hash: 463550cf44fb6f0a2359368f42eebe62

Package: munsell
Source: CRAN
Version: 0.4.3
Hash: f96d896947fcaf9b6d0074002e9f4f9d
Requires: colorspace

Package: nnet
Source: CRAN
Version: 7.3-12
Hash: 42c83a1f063b40fd8bb6ad68ed528aa5

Package: packrat
Source: CRAN
Version: 0.4.7-1
Hash: 16ca16d36eb18d1d16113606ecc5c400

Package: plyr
Source: CRAN
Version: 1.8.4
Hash: 75ca080b10a9314a9b293964331e5df7
Requires: Rcpp

Package: reshape2
Source: CRAN
Version: 1.4.1
Hash: c9a8d2349fe969cf519dd0ced9cc1414
Requires: Rcpp, plyr, stringr

Package: rpart
Source: CRAN
Version: 4.1-10
Hash: 1eeecd328c5297c43e9d139944bb0775

Package: scales
Source: CRAN
Version: 0.4.0
Hash: c4a91e7a322e03813b68b73940ce031f
Requires: RColorBrewer, Rcpp, dichromat, labeling, munsell, plyr

Package: shiny
Source: CRAN
Version: 0.13.2
Hash: 28d6903a44dc53bd4823fa43ccdc08e5
Requires: R6, digest, htmltools, httpuv, jsonlite, mime, xtable

Package: stringi
Source: CRAN
Version: 1.1.1
Hash: 48f2afc5dfecb65ba32a87d38b3533ff

Package: stringr
Source: CRAN
Version: 1.1.0
Hash: 4d21d0063b37a17ea18eaec6acd29bf3
Requires: magrittr, stringi

Package: survival
Source: CRAN
Version: 2.39-5
Hash: 1a9baca10e872c728143d44c2c642405
Requires: Matrix

Package: xtable
Source: CRAN
Version: 1.8-2
Hash: 7293235cfcc14cdff1ce7fd1a0212031
